
Microsoft Visual Studio Solution File, Format Version 12.00
# Visual Studio Version 17
VisualStudioVersion = 17.9.34616.47
MinimumVisualStudioVersion = 10.0.40219.1
Project("{FAE04EC0-301F-11D3-BF4B-00C04F79EFBC}") = "App", "App\App.csproj", "{7250FCA5-0A13-46F4-B579-1ECEA61C3DEA}"
EndProject
Global
	GlobalSection(SolutionConfigurationPlatforms) = preSolution
		Debug|Any CPU = Debug|Any CPU
		Release|Any CPU = Release|Any CPU
	EndGlobalSection
	GlobalSection(ProjectConfigurationPlatforms) = postSolution
		{7250FCA5-0A13-46F4-B579-1ECEA61C3DEA}.Debug|Any CPU.ActiveCfg = Debug|Any CPU
		{7250FCA5-0A13-46F4-B579-1ECEA61C3DEA}.Debug|Any CPU.Build.0 = Debug|Any CPU
		{7250FCA5-0A13-46F4-B579-1ECEA61C3DEA}.Release|Any CPU.ActiveCfg = Release|Any CPU
		{7250FCA5-0A13-46F4-B579-1ECEA61C3DEA}.Release|Any CPU.Build.0 = Release|Any CPU
	EndGlobalSection
	GlobalSection(SolutionProperties) = preSolution
		HideSolutionNode = FALSE
	EndGlobalSection
	GlobalSection(ExtensibilityGlobals) = postSolution
		SolutionGuid = {B49617D4-1582-4661-81C8-CC29B9934D22}
	EndGlobalSection
EndGlobal
