
Microsoft Visual Studio Solution File, Format Version 12.00
# Visual Studio Version 17
VisualStudioVersion = 17.9.34616.47
MinimumVisualStudioVersion = 10.0.40219.1
Project("{FAE04EC0-301F-11D3-BF4B-00C04F79EFBC}") = "App", "App\App.csproj", "{D08AA0B9-99C5-4133-8D9E-B120018943AA}"
EndProject
Global
	GlobalSection(SolutionConfigurationPlatforms) = preSolution
		Debug|Any CPU = Debug|Any CPU
		Release|Any CPU = Release|Any CPU
	EndGlobalSection
	GlobalSection(ProjectConfigurationPlatforms) = postSolution
		{D08AA0B9-99C5-4133-8D9E-B120018943AA}.Debug|Any CPU.ActiveCfg = Debug|Any CPU
		{D08AA0B9-99C5-4133-8D9E-B120018943AA}.Debug|Any CPU.Build.0 = Debug|Any CPU
		{D08AA0B9-99C5-4133-8D9E-B120018943AA}.Release|Any CPU.ActiveCfg = Release|Any CPU
		{D08AA0B9-99C5-4133-8D9E-B120018943AA}.Release|Any CPU.Build.0 = Release|Any CPU
	EndGlobalSection
	GlobalSection(SolutionProperties) = preSolution
		HideSolutionNode = FALSE
	EndGlobalSection
	GlobalSection(ExtensibilityGlobals) = postSolution
		SolutionGuid = {ACD8E0A2-53A3-4963-ACA1-618218A8B0E5}
	EndGlobalSection
EndGlobal
